
Microsoft Visual Studio Solution File, Format Version 12.00
# Visual Studio Version 17
VisualStudioVersion = 17.5.002.0
MinimumVisualStudioVersion = 10.0.40219.1
Project("{9A19103F-16F7-4668-BE54-9A1E7A4F7556}") = "Tests", "Tests\Tests.csproj", "{3DC5C414-AB5D-431F-A5D7-B4C123CE2D78}"
EndProject
Project("{9A19103F-16F7-4668-BE54-9A1E7A4F7556}") = "Problems", "Problems\Problems.csproj", "{C37F8CA1-619C-4C09-BBA5-08F9560F2640}"
EndProject
Global
	GlobalSection(SolutionConfigurationPlatforms) = preSolution
		Debug|Any CPU = Debug|Any CPU
		Release|Any CPU = Release|Any CPU
	EndGlobalSection
	GlobalSection(ProjectConfigurationPlatforms) = postSolution
		{3DC5C414-AB5D-431F-A5D7-B4C123CE2D78}.Debug|Any CPU.ActiveCfg = Debug|Any CPU
		{3DC5C414-AB5D-431F-A5D7-B4C123CE2D78}.Debug|Any CPU.Build.0 = Debug|Any CPU
		{3DC5C414-AB5D-431F-A5D7-B4C123CE2D78}.Release|Any CPU.ActiveCfg = Release|Any CPU
		{3DC5C414-AB5D-431F-A5D7-B4C123CE2D78}.Release|Any CPU.Build.0 = Release|Any CPU
		{C37F8CA1-619C-4C09-BBA5-08F9560F2640}.Debug|Any CPU.ActiveCfg = Debug|Any CPU
		{C37F8CA1-619C-4C09-BBA5-08F9560F2640}.Debug|Any CPU.Build.0 = Debug|Any CPU
		{C37F8CA1-619C-4C09-BBA5-08F9560F2640}.Release|Any CPU.ActiveCfg = Release|Any CPU
		{C37F8CA1-619C-4C09-BBA5-08F9560F2640}.Release|Any CPU.Build.0 = Release|Any CPU
	EndGlobalSection
	GlobalSection(SolutionProperties) = preSolution
		HideSolutionNode = FALSE
	EndGlobalSection
	GlobalSection(ExtensibilityGlobals) = postSolution
		SolutionGuid = {49BECD66-CE1A-4CFE-9F18-F9F663E26D35}
	EndGlobalSection
EndGlobal
